
Microsoft Visual Studio Solution File, Format Version 12.00
# Visual Studio Version 17
VisualStudioVersion = 17.2.32630.192
MinimumVisualStudioVersion = 10.0.40219.1
Project("{9A19103F-16F7-4668-BE54-9A1E7A4F7556}") = "Prueba_Tecnica_Steven", "Prueba_Tecnica_Steven\Prueba_Tecnica_Steven.csproj", "{86187FAD-32BF-4487-8037-20808679FCAE}"
EndProject
Project("{2150E333-8FDC-42A3-9474-1A3956D46DE8}") = "Solution Items", "Solution Items", "{76C5C06D-5027-4FF5-8319-F5FC102C6108}"
	ProjectSection(SolutionItems) = preProject
		.editorconfig = .editorconfig
	EndProjectSection
EndProject
Global
	GlobalSection(SolutionConfigurationPlatforms) = preSolution
		Debug|Any CPU = Debug|Any CPU
		Release|Any CPU = Release|Any CPU
	EndGlobalSection
	GlobalSection(ProjectConfigurationPlatforms) = postSolution
		{86187FAD-32BF-4487-8037-20808679FCAE}.Debug|Any CPU.ActiveCfg = Debug|Any CPU
		{86187FAD-32BF-4487-8037-20808679FCAE}.Debug|Any CPU.Build.0 = Debug|Any CPU
		{86187FAD-32BF-4487-8037-20808679FCAE}.Release|Any CPU.ActiveCfg = Release|Any CPU
		{86187FAD-32BF-4487-8037-20808679FCAE}.Release|Any CPU.Build.0 = Release|Any CPU
	EndGlobalSection
	GlobalSection(SolutionProperties) = preSolution
		HideSolutionNode = FALSE
	EndGlobalSection
	GlobalSection(ExtensibilityGlobals) = postSolution
		SolutionGuid = {95DE8B98-DAB2-4800-B086-A697EE42FB36}
	EndGlobalSection
EndGlobal
